{
  "name": "chaos-mas-resilience",
  "version": "1.0.0",
  "lockfileVersion": 3,
  "requires": true,
  "packages": {
    "": {
      "name": "chaos-mas-resilience",
      "version": "1.0.0",
      "dependencies": {
        "caveman": "^0.1.6"
      }
    },
    "node_modules/caveman": {
      "version": "0.1.6",
      "resolved": "https://registry.npmjs.org/caveman/-/caveman-0.1.6.tgz",
      "integrity": "sha512-XIwMxCLOdhqtCDJoZ4XoE5tPgpE/yJLH6PQuQxEiZQ6rCbnyjRdlU8GYhso3+0OItDhlrA9cNQ35fOEE9pTs4A==",
      "license": "MIT"
    }
  }
}
